{
  "name": "exchange",
  "version": "1.0.0",
  "lockfileVersion": 2,
  "requires": true,
  "packages": {
    "": {
      "name": "exchange",
      "version": "1.0.0",
      "license": "MIT",
      "dependencies": {
        "ngx-text-diff": "^0.6.0"
      }
    },
    "node_modules/diff-match-patch": {
      "version": "1.0.5",
      "resolved": "https://registry.npmjs.org/diff-match-patch/-/diff-match-patch-1.0.5.tgz",
      "integrity": "sha512-IayShXAgj/QMXgB0IWmKx+rOPuGMhqm5w6jvFxmVenXKIzRqTAAsbBPT3kWQeGANj3jGgvcvv4yK6SxqYmikgw=="
    },
    "node_modules/ngx-text-diff": {
      "version": "0.6.0",
      "resolved": "https://registry.npmjs.org/ngx-text-diff/-/ngx-text-diff-0.6.0.tgz",
      "integrity": "sha512-61njY/kRmbNLJr/a9FxhfouJ8LpUtejEGqcethZemqlE9lWqu0mxIuoqZYFB2gHkMzhvvBqfgWV190uRIxAClA==",
      "dependencies": {
        "diff-match-patch": "^1.0.4"
      },
      "peerDependencies": {
        "@angular/cdk": "^>=6.0.0",
        "@angular/common": ">=6.0.0",
        "@angular/core": "^>=6.0.0",
        "@angular/forms": "^>=6.0.0",
        "rxjs": "~6.3.3",
        "tslib": "^1.10.0"
      }
    }
  },
  "dependencies": {
    "diff-match-patch": {
      "version": "1.0.5",
      "resolved": "https://registry.npmjs.org/diff-match-patch/-/diff-match-patch-1.0.5.tgz",
      "integrity": "sha512-IayShXAgj/QMXgB0IWmKx+rOPuGMhqm5w6jvFxmVenXKIzRqTAAsbBPT3kWQeGANj3jGgvcvv4yK6SxqYmikgw=="
    },
    "ngx-text-diff": {
      "version": "0.6.0",
      "resolved": "https://registry.npmjs.org/ngx-text-diff/-/ngx-text-diff-0.6.0.tgz",
      "integrity": "sha512-61njY/kRmbNLJr/a9FxhfouJ8LpUtejEGqcethZemqlE9lWqu0mxIuoqZYFB2gHkMzhvvBqfgWV190uRIxAClA==",
      "requires": {
        "diff-match-patch": "^1.0.4"
      }
    }
  }
}
